// !$*UTF8*$!
{
	archiveVersion = 1;
	classes = {
	};
	objectVersion = 55;
	objects = {

/* Begin PBXBuildFile section */
		34DA9AD4394E0C259236F735 /* Pods_GetMyCloths.framework in Frameworks */ = {isa = PBXBuildFile; fileRef = A2596B75A2843A2DCCB2E41C /* Pods_GetMyCloths.framework */; };
		B3730BF129E4013600A4CF8A /* UIImageVIew+Extension.swift in Sources */ = {isa = PBXBuildFile; fileRef = B3730BF029E4013600A4CF8A /* UIImageVIew+Extension.swift */; };
		B3730BF429E415FD00A4CF8A /* EndPointType.swift in Sources */ = {isa = PBXBuildFile; fileRef = B3730BF329E415FD00A4CF8A /* EndPointType.swift */; };
		B3730BF729E481C800A4CF8A /* AddProductViewController.swift in Sources */ = {isa = PBXBuildFile; fileRef = B3730BF629E481C800A4CF8A /* AddProductViewController.swift */; };
		B37AC1F029E52D74003194F2 /* AddProduct.swift in Sources */ = {isa = PBXBuildFile; fileRef = B37AC1EF29E52D74003194F2 /* AddProduct.swift */; };
		B38B996A29E2E157005658E1 /* AppDelegate.swift in Sources */ = {isa = PBXBuildFile; fileRef = B38B996929E2E157005658E1 /* AppDelegate.swift */; };
		B38B996C29E2E157005658E1 /* SceneDelegate.swift in Sources */ = {isa = PBXBuildFile; fileRef = B38B996B29E2E157005658E1 /* SceneDelegate.swift */; };
		B38B997129E2E157005658E1 /* Main.storyboard in Resources */ = {isa = PBXBuildFile; fileRef = B38B996F29E2E157005658E1 /* Main.storyboard */; };
		B38B997329E2E15A005658E1 /* Assets.xcassets in Resources */ = {isa = PBXBuildFile; fileRef = B38B997229E2E15A005658E1 /* Assets.xcassets */; };
		B38B997629E2E15A005658E1 /* LaunchScreen.storyboard in Resources */ = {isa = PBXBuildFile; fileRef = B38B997429E2E15A005658E1 /* LaunchScreen.storyboard */; };
		B38B998129E2E15B005658E1 /* GetMyClothsTests.swift in Sources */ = {isa = PBXBuildFile; fileRef = B38B998029E2E15B005658E1 /* GetMyClothsTests.swift */; };
		B38B998B29E2E15B005658E1 /* GetMyClothsUITests.swift in Sources */ = {isa = PBXBuildFile; fileRef = B38B998A29E2E15B005658E1 /* GetMyClothsUITests.swift */; };
		B38B998D29E2E15B005658E1 /* GetMyClothsUITestsLaunchTests.swift in Sources */ = {isa = PBXBuildFile; fileRef = B38B998C29E2E15B005658E1 /* GetMyClothsUITestsLaunchTests.swift */; };
		B38B99A329E2E957005658E1 /* ProductModel.swift in Sources */ = {isa = PBXBuildFile; fileRef = B38B99A229E2E957005658E1 /* ProductModel.swift */; };
		B38B99A529E2EA9E005658E1 /* APIManager.swift in Sources */ = {isa = PBXBuildFile; fileRef = B38B99A429E2EA9E005658E1 /* APIManager.swift */; };
		B38B99A729E2EE4C005658E1 /* Constants.swift in Sources */ = {isa = PBXBuildFile; fileRef = B38B99A629E2EE4C005658E1 /* Constants.swift */; };
		B38B99AB29E2EF43005658E1 /* ProductViewController.swift in Sources */ = {isa = PBXBuildFile; fileRef = B38B99AA29E2EF43005658E1 /* ProductViewController.swift */; };
		B38B99AE29E30EC1005658E1 /* ProductViewModel.swift in Sources */ = {isa = PBXBuildFile; fileRef = B38B99AD29E30EC1005658E1 /* ProductViewModel.swift */; };
		B38B99B129E338FF005658E1 /* ProductTableViewCell.swift in Sources */ = {isa = PBXBuildFile; fileRef = B38B99B029E338FF005658E1 /* ProductTableViewCell.swift */; };
/* End PBXBuildFile section */

/* Begin PBXContainerItemProxy section */
		B38B997D29E2E15B005658E1 /* PBXContainerItemProxy */ = {
			isa = PBXContainerItemProxy;
			containerPortal = B38B995E29E2E157005658E1 /* Project object */;
			proxyType = 1;
			remoteGlobalIDString = B38B996529E2E157005658E1;
			remoteInfo = GetMyCloths;
		};
		B38B998729E2E15B005658E1 /* PBXContainerItemProxy */ = {
			isa = PBXContainerItemProxy;
			containerPortal = B38B995E29E2E157005658E1 /* Project object */;
			proxyType = 1;
			remoteGlobalIDString = B38B996529E2E157005658E1;
			remoteInfo = GetMyCloths;
		};
/* End PBXContainerItemProxy section */

/* Begin PBXFileReference section */
		A2596B75A2843A2DCCB2E41C /* Pods_GetMyCloths.framework */ = {isa = PBXFileReference; explicitFileType = wrapper.framework; includeInIndex = 0; path = Pods_GetMyCloths.framework; sourceTree = BUILT_PRODUCTS_DIR; };
		B3730BF029E4013600A4CF8A /* UIImageVIew+Extension.swift */ = {isa = PBXFileReference; lastKnownFileType = sourcecode.swift; path = "UIImageVIew+Extension.swift"; sourceTree = "<group>"; };
		B3730BF329E415FD00A4CF8A /* EndPointType.swift */ = {isa = PBXFileReference; lastKnownFileType = sourcecode.swift; path = EndPointType.swift; sourceTree = "<group>"; };
		B3730BF629E481C800A4CF8A /* AddProductViewController.swift */ = {isa = PBXFileReference; lastKnownFileType = sourcecode.swift; path = AddProductViewController.swift; sourceTree = "<group>"; };
		B37AC1EF29E52D74003194F2 /* AddProduct.swift */ = {isa = PBXFileReference; lastKnownFileType = sourcecode.swift; path = AddProduct.swift; sourceTree = "<group>"; };
		B38B996629E2E157005658E1 /* GetMyCloths.app */ = {isa = PBXFileReference; explicitFileType = wrapper.application; includeInIndex = 0; path = GetMyCloths.app; sourceTree = BUILT_PRODUCTS_DIR; };
		B38B996929E2E157005658E1 /* AppDelegate.swift */ = {isa = PBXFileReference; lastKnownFileType = sourcecode.swift; path = AppDelegate.swift; sourceTree = "<group>"; };
		B38B996B29E2E157005658E1 /* SceneDelegate.swift */ = {isa = PBXFileReference; lastKnownFileType = sourcecode.swift; path = SceneDelegate.swift; sourceTree = "<group>"; };
		B38B997029E2E157005658E1 /* Base */ = {isa = PBXFileReference; lastKnownFileType = file.storyboard; name = Base; path = Base.lproj/Main.storyboard; sourceTree = "<group>"; };
		B38B997229E2E15A005658E1 /* Assets.xcassets */ = {isa = PBXFileReference; lastKnownFileType = folder.assetcatalog; path = Assets.xcassets; sourceTree = "<group>"; };
		B38B997529E2E15A005658E1 /* Base */ = {isa = PBXFileReference; lastKnownFileType = file.storyboard; name = Base; path = Base.lproj/LaunchScreen.storyboard; sourceTree = "<group>"; };
		B38B997729E2E15A005658E1 /* Info.plist */ = {isa = PBXFileReference; lastKnownFileType = text.plist.xml; path = Info.plist; sourceTree = "<group>"; };
		B38B997C29E2E15B005658E1 /* GetMyClothsTests.xctest */ = {isa = PBXFileReference; explicitFileType = wrapper.cfbundle; includeInIndex = 0; path = GetMyClothsTests.xctest; sourceTree = BUILT_PRODUCTS_DIR; };
		B38B998029E2E15B005658E1 /* GetMyClothsTests.swift */ = {isa = PBXFileReference; lastKnownFileType = sourcecode.swift; path = GetMyClothsTests.swift; sourceTree = "<group>"; };
		B38B998629E2E15B005658E1 /* GetMyClothsUITests.xctest */ = {isa = PBXFileReference; explicitFileType = wrapper.cfbundle; includeInIndex = 0; path = GetMyClothsUITests.xctest; sourceTree = BUILT_PRODUCTS_DIR; };
		B38B998A29E2E15B005658E1 /* GetMyClothsUITests.swift */ = {isa = PBXFileReference; lastKnownFileType = sourcecode.swift; path = GetMyClothsUITests.swift; sourceTree = "<group>"; };
		B38B998C29E2E15B005658E1 /* GetMyClothsUITestsLaunchTests.swift */ = {isa = PBXFileReference; lastKnownFileType = sourcecode.swift; path = GetMyClothsUITestsLaunchTests.swift; sourceTree = "<group>"; };
		B38B99A229E2E957005658E1 /* ProductModel.swift */ = {isa = PBXFileReference; lastKnownFileType = sourcecode.swift; path = ProductModel.swift; sourceTree = "<group>"; };
		B38B99A429E2EA9E005658E1 /* APIManager.swift */ = {isa = PBXFileReference; lastKnownFileType = sourcecode.swift; path = APIManager.swift; sourceTree = "<group>"; };
		B38B99A629E2EE4C005658E1 /* Constants.swift */ = {isa = PBXFileReference; lastKnownFileType = sourcecode.swift; path = Constants.swift; sourceTree = "<group>"; };
		B38B99AA29E2EF43005658E1 /* ProductViewController.swift */ = {isa = PBXFileReference; lastKnownFileType = sourcecode.swift; path = ProductViewController.swift; sourceTree = "<group>"; };
		B38B99AD29E30EC1005658E1 /* ProductViewModel.swift */ = {isa = PBXFileReference; lastKnownFileType = sourcecode.swift; path = ProductViewModel.swift; sourceTree = "<group>"; };
		B38B99B029E338FF005658E1 /* ProductTableViewCell.swift */ = {isa = PBXFileReference; lastKnownFileType = sourcecode.swift; path = ProductTableViewCell.swift; sourceTree = "<group>"; };
		D40C14F30A951DDB8A87B059 /* Pods-GetMyCloths.release.xcconfig */ = {isa = PBXFileReference; includeInIndex = 1; lastKnownFileType = text.xcconfig; name = "Pods-GetMyCloths.release.xcconfig"; path = "Target Support Files/Pods-GetMyCloths/Pods-GetMyCloths.release.xcconfig"; sourceTree = "<group>"; };
		FF08609CFEAF5DDE2B22B71A /* Pods-GetMyCloths.debug.xcconfig */ = {isa = PBXFileReference; includeInIndex = 1; lastKnownFileType = text.xcconfig; name = "Pods-GetMyCloths.debug.xcconfig"; path = "Target Support Files/Pods-GetMyCloths/Pods-GetMyCloths.debug.xcconfig"; sourceTree = "<group>"; };
/* End PBXFileReference section */

/* Begin PBXFrameworksBuildPhase section */
		B38B996329E2E157005658E1 /* Frameworks */ = {
			isa = PBXFrameworksBuildPhase;
			buildActionMask = 2147483647;
			files = (
				34DA9AD4394E0C259236F735 /* Pods_GetMyCloths.framework in Frameworks */,
			);
			runOnlyForDeploymentPostprocessing = 0;
		};
		B38B997929E2E15B005658E1 /* Frameworks */ = {
			isa = PBXFrameworksBuildPhase;
			buildActionMask = 2147483647;
			files = (
			);
			runOnlyForDeploymentPostprocessing = 0;
		};
		B38B998329E2E15B005658E1 /* Frameworks */ = {
			isa = PBXFrameworksBuildPhase;
			buildActionMask = 2147483647;
			files = (
			);
			runOnlyForDeploymentPostprocessing = 0;
		};
/* End PBXFrameworksBuildPhase section */

/* Begin PBXGroup section */
		1575FD40D006A05F816BCEB7 /* Frameworks */ = {
			isa = PBXGroup;
			children = (
				A2596B75A2843A2DCCB2E41C /* Pods_GetMyCloths.framework */,
			);
			name = Frameworks;
			sourceTree = "<group>";
		};
		B3730BF229E415EA00A4CF8A /* Utility */ = {
			isa = PBXGroup;
			children = (
				B3730BF329E415FD00A4CF8A /* EndPointType.swift */,
			);
			path = Utility;
			sourceTree = "<group>";
		};
		B3730BF529E481AB00A4CF8A /* AddProduct */ = {
			isa = PBXGroup;
			children = (
				B3730BF629E481C800A4CF8A /* AddProductViewController.swift */,
			);
			path = AddProduct;
			sourceTree = "<group>";
		};
		B37AC1EE29E52D5E003194F2 /* AddProduct */ = {
			isa = PBXGroup;
			children = (
				B37AC1EF29E52D74003194F2 /* AddProduct.swift */,
			);
			path = AddProduct;
			sourceTree = "<group>";
		};
		B38B995D29E2E157005658E1 = {
			isa = PBXGroup;
			children = (
				B38B996829E2E157005658E1 /* GetMyCloths */,
				B38B997F29E2E15B005658E1 /* GetMyClothsTests */,
				B38B998929E2E15B005658E1 /* GetMyClothsUITests */,
				B38B996729E2E157005658E1 /* Products */,
				F36BB6F115362D071BE394A1 /* Pods */,
				1575FD40D006A05F816BCEB7 /* Frameworks */,
			);
			sourceTree = "<group>";
		};
		B38B996729E2E157005658E1 /* Products */ = {
			isa = PBXGroup;
			children = (
				B38B996629E2E157005658E1 /* GetMyCloths.app */,
				B38B997C29E2E15B005658E1 /* GetMyClothsTests.xctest */,
				B38B998629E2E15B005658E1 /* GetMyClothsUITests.xctest */,
			);
			name = Products;
			sourceTree = "<group>";
		};
		B38B996829E2E157005658E1 /* GetMyCloths */ = {
			isa = PBXGroup;
			children = (
				B3730BF229E415EA00A4CF8A /* Utility */,
				B38B99A829E2EF00005658E1 /* ViewController */,
				B38B99A029E2E1EA005658E1 /* Resource */,
				B38B999F29E2E1CD005658E1 /* HtttpUtility */,
				B38B999E29E2E1C5005658E1 /* Common */,
				B38B999D29E2E1B8005658E1 /* Extensions */,
				B38B999C29E2E192005658E1 /* Application */,
				B38B999B29E2E187005658E1 /* ViewModels */,
				B38B999A29E2E181005658E1 /* Models */,
				B38B999929E2E179005658E1 /* Views */,
				B38B997729E2E15A005658E1 /* Info.plist */,
			);
			path = GetMyCloths;
			sourceTree = "<group>";
		};
		B38B997F29E2E15B005658E1 /* GetMyClothsTests */ = {
			isa = PBXGroup;
			children = (
				B38B998029E2E15B005658E1 /* GetMyClothsTests.swift */,
			);
			path = GetMyClothsTests;
			sourceTree = "<group>";
		};
		B38B998929E2E15B005658E1 /* GetMyClothsUITests */ = {
			isa = PBXGroup;
			children = (
				B38B998A29E2E15B005658E1 /* GetMyClothsUITests.swift */,
				B38B998C29E2E15B005658E1 /* GetMyClothsUITestsLaunchTests.swift */,
			);
			path = GetMyClothsUITests;
			sourceTree = "<group>";
		};
		B38B999929E2E179005658E1 /* Views */ = {
			isa = PBXGroup;
			children = (
				B38B996F29E2E157005658E1 /* Main.storyboard */,
				B38B997429E2E15A005658E1 /* LaunchScreen.storyboard */,
			);
			path = Views;
			sourceTree = "<group>";
		};
		B38B999A29E2E181005658E1 /* Models */ = {
			isa = PBXGroup;
			children = (
				B37AC1EE29E52D5E003194F2 /* AddProduct */,
				B38B99A129E2E93D005658E1 /* ProductModel */,
			);
			path = Models;
			sourceTree = "<group>";
		};
		B38B999B29E2E187005658E1 /* ViewModels */ = {
			isa = PBXGroup;
			children = (
				B38B99AC29E30EA3005658E1 /* ProductViewModel */,
			);
			path = ViewModels;
			sourceTree = "<group>";
		};
		B38B999C29E2E192005658E1 /* Application */ = {
			isa = PBXGroup;
			children = (
				B38B996929E2E157005658E1 /* AppDelegate.swift */,
				B38B996B29E2E157005658E1 /* SceneDelegate.swift */,
			);
			path = Application;
			sourceTree = "<group>";
		};
		B38B999D29E2E1B8005658E1 /* Extensions */ = {
			isa = PBXGroup;
			children = (
				B3730BF029E4013600A4CF8A /* UIImageVIew+Extension.swift */,
			);
			path = Extensions;
			sourceTree = "<group>";
		};
		B38B999E29E2E1C5005658E1 /* Common */ = {
			isa = PBXGroup;
			children = (
				B38B99A629E2EE4C005658E1 /* Constants.swift */,
			);
			path = Common;
			sourceTree = "<group>";
		};
		B38B999F29E2E1CD005658E1 /* HtttpUtility */ = {
			isa = PBXGroup;
			children = (
				B38B99A429E2EA9E005658E1 /* APIManager.swift */,
			);
			path = HtttpUtility;
			sourceTree = "<group>";
		};
		B38B99A029E2E1EA005658E1 /* Resource */ = {
			isa = PBXGroup;
			children = (
				B38B997229E2E15A005658E1 /* Assets.xcassets */,
			);
			path = Resource;
			sourceTree = "<group>";
		};
		B38B99A129E2E93D005658E1 /* ProductModel */ = {
			isa = PBXGroup;
			children = (
				B38B99A229E2E957005658E1 /* ProductModel.swift */,
			);
			path = ProductModel;
			sourceTree = "<group>";
		};
		B38B99A829E2EF00005658E1 /* ViewController */ = {
			isa = PBXGroup;
			children = (
				B3730BF529E481AB00A4CF8A /* AddProduct */,
				B38B99A929E2EF16005658E1 /* Product */,
			);
			path = ViewController;
			sourceTree = "<group>";
		};
		B38B99A929E2EF16005658E1 /* Product */ = {
			isa = PBXGroup;
			children = (
				B38B99AF29E338BE005658E1 /* ProductTableViewCell */,
				B38B99AA29E2EF43005658E1 /* ProductViewController.swift */,
			);
			path = Product;
			sourceTree = "<group>";
		};
		B38B99AC29E30EA3005658E1 /* ProductViewModel */ = {
			isa = PBXGroup;
			children = (
				B38B99AD29E30EC1005658E1 /* ProductViewModel.swift */,
			);
			path = ProductViewModel;
			sourceTree = "<group>";
		};
		B38B99AF29E338BE005658E1 /* ProductTableViewCell */ = {
			isa = PBXGroup;
			children = (
				B38B99B029E338FF005658E1 /* ProductTableViewCell.swift */,
			);
			path = ProductTableViewCell;
			sourceTree = "<group>";
		};
		F36BB6F115362D071BE394A1 /* Pods */ = {
			isa = PBXGroup;
			children = (
				FF08609CFEAF5DDE2B22B71A /* Pods-GetMyCloths.debug.xcconfig */,
				D40C14F30A951DDB8A87B059 /* Pods-GetMyCloths.release.xcconfig */,
			);
			path = Pods;
			sourceTree = "<group>";
		};
/* End PBXGroup section */

/* Begin PBXNativeTarget section */
		B38B996529E2E157005658E1 /* GetMyCloths */ = {
			isa = PBXNativeTarget;
			buildConfigurationList = B38B999029E2E15B005658E1 /* Build configuration list for PBXNativeTarget "GetMyCloths" */;
			buildPhases = (
				4F95614FADE9BA69519C73AC /* [CP] Check Pods Manifest.lock */,
				B38B996229E2E157005658E1 /* Sources */,
				B38B996329E2E157005658E1 /* Frameworks */,
				B38B996429E2E157005658E1 /* Resources */,
				14FDA13D9F34DE72E4C2B1C9 /* [CP] Embed Pods Frameworks */,
			);
			buildRules = (
			);
			dependencies = (
			);
			name = GetMyCloths;
			productName = GetMyCloths;
			productReference = B38B996629E2E157005658E1 /* GetMyCloths.app */;
			productType = "com.apple.product-type.application";
		};
		B38B997B29E2E15B005658E1 /* GetMyClothsTests */ = {
			isa = PBXNativeTarget;
			buildConfigurationList = B38B999329E2E15B005658E1 /* Build configuration list for PBXNativeTarget "GetMyClothsTests" */;
			buildPhases = (
				B38B997829E2E15B005658E1 /* Sources */,
				B38B997929E2E15B005658E1 /* Frameworks */,
				B38B997A29E2E15B005658E1 /* Resources */,
			);
			buildRules = (
			);
			dependencies = (
				B38B997E29E2E15B005658E1 /* PBXTargetDependency */,
			);
			name = GetMyClothsTests;
			productName = GetMyClothsTests;
			productReference = B38B997C29E2E15B005658E1 /* GetMyClothsTests.xctest */;
			productType = "com.apple.product-type.bundle.unit-test";
		};
		B38B998529E2E15B005658E1 /* GetMyClothsUITests */ = {
			isa = PBXNativeTarget;
			buildConfigurationList = B38B999629E2E15B005658E1 /* Build configuration list for PBXNativeTarget "GetMyClothsUITests" */;
			buildPhases = (
				B38B998229E2E15B005658E1 /* Sources */,
				B38B998329E2E15B005658E1 /* Frameworks */,
				B38B998429E2E15B005658E1 /* Resources */,
			);
			buildRules = (
			);
			dependencies = (
				B38B998829E2E15B005658E1 /* PBXTargetDependency */,
			);
			name = GetMyClothsUITests;
			productName = GetMyClothsUITests;
			productReference = B38B998629E2E15B005658E1 /* GetMyClothsUITests.xctest */;
			productType = "com.apple.product-type.bundle.ui-testing";
		};
/* End PBXNativeTarget section */

/* Begin PBXProject section */
		B38B995E29E2E157005658E1 /* Project object */ = {
			isa = PBXProject;
			attributes = {
				BuildIndependentTargetsInParallel = 1;
				LastSwiftUpdateCheck = 1320;
				LastUpgradeCheck = 1320;
				TargetAttributes = {
					B38B996529E2E157005658E1 = {
						CreatedOnToolsVersion = 13.2.1;
					};
					B38B997B29E2E15B005658E1 = {
						CreatedOnToolsVersion = 13.2.1;
						TestTargetID = B38B996529E2E157005658E1;
					};
					B38B998529E2E15B005658E1 = {
						CreatedOnToolsVersion = 13.2.1;
						TestTargetID = B38B996529E2E157005658E1;
					};
				};
			};
			buildConfigurationList = B38B996129E2E157005658E1 /* Build configuration list for PBXProject "GetMyCloths" */;
			compatibilityVersion = "Xcode 13.0";
			developmentRegion = en;
			hasScannedForEncodings = 0;
			knownRegions = (
				en,
				Base,
			);
			mainGroup = B38B995D29E2E157005658E1;
			productRefGroup = B38B996729E2E157005658E1 /* Products */;
			projectDirPath = "";
			projectRoot = "";
			targets = (
				B38B996529E2E157005658E1 /* GetMyCloths */,
				B38B997B29E2E15B005658E1 /* GetMyClothsTests */,
				B38B998529E2E15B005658E1 /* GetMyClothsUITests */,
			);
		};
/* End PBXProject section */

/* Begin PBXResourcesBuildPhase section */
		B38B996429E2E157005658E1 /* Resources */ = {
			isa = PBXResourcesBuildPhase;
			buildActionMask = 2147483647;
			files = (
				B38B997629E2E15A005658E1 /* LaunchScreen.storyboard in Resources */,
				B38B997329E2E15A005658E1 /* Assets.xcassets in Resources */,
				B38B997129E2E157005658E1 /* Main.storyboard in Resources */,
			);
			runOnlyForDeploymentPostprocessing = 0;
		};
		B38B997A29E2E15B005658E1 /* Resources */ = {
			isa = PBXResourcesBuildPhase;
			buildActionMask = 2147483647;
			files = (
			);
			runOnlyForDeploymentPostprocessing = 0;
		};
		B38B998429E2E15B005658E1 /* Resources */ = {
			isa = PBXResourcesBuildPhase;
			buildActionMask = 2147483647;
			files = (
			);
			runOnlyForDeploymentPostprocessing = 0;
		};
/* End PBXResourcesBuildPhase section */

/* Begin PBXShellScriptBuildPhase section */
		14FDA13D9F34DE72E4C2B1C9 /* [CP] Embed Pods Frameworks */ = {
			isa = PBXShellScriptBuildPhase;
			buildActionMask = 2147483647;
			files = (
			);
			inputFileListPaths = (
				"${PODS_ROOT}/Target Support Files/Pods-GetMyCloths/Pods-GetMyCloths-frameworks-${CONFIGURATION}-input-files.xcfilelist",
			);
			name = "[CP] Embed Pods Frameworks";
			outputFileListPaths = (
				"${PODS_ROOT}/Target Support Files/Pods-GetMyCloths/Pods-GetMyCloths-frameworks-${CONFIGURATION}-output-files.xcfilelist",
			);
			runOnlyForDeploymentPostprocessing = 0;
			shellPath = /bin/sh;
			shellScript = "\"${PODS_ROOT}/Target Support Files/Pods-GetMyCloths/Pods-GetMyCloths-frameworks.sh\"\n";
			showEnvVarsInLog = 0;
		};
		4F95614FADE9BA69519C73AC /* [CP] Check Pods Manifest.lock */ = {
			isa = PBXShellScriptBuildPhase;
			buildActionMask = 2147483647;
			files = (
			);
			inputFileListPaths = (
			);
			inputPaths = (
				"${PODS_PODFILE_DIR_PATH}/Podfile.lock",
				"${PODS_ROOT}/Manifest.lock",
			);
			name = "[CP] Check Pods Manifest.lock";
			outputFileListPaths = (
			);
			outputPaths = (
				"$(DERIVED_FILE_DIR)/Pods-GetMyCloths-checkManifestLockResult.txt",
			);
			runOnlyForDeploymentPostprocessing = 0;
			shellPath = /bin/sh;
			shellScript = "diff \"${PODS_PODFILE_DIR_PATH}/Podfile.lock\" \"${PODS_ROOT}/Manifest.lock\" > /dev/null\nif [ $? != 0 ] ; then\n    # print error to STDERR\n    echo \"error: The sandbox is not in sync with the Podfile.lock. Run 'pod install' or update your CocoaPods installation.\" >&2\n    exit 1\nfi\n# This output is used by Xcode 'outputs' to avoid re-running this script phase.\necho \"SUCCESS\" > \"${SCRIPT_OUTPUT_FILE_0}\"\n";
			showEnvVarsInLog = 0;
		};
/* End PBXShellScriptBuildPhase section */

/* Begin PBXSourcesBuildPhase section */
		B38B996229E2E157005658E1 /* Sources */ = {
			isa = PBXSourcesBuildPhase;
			buildActionMask = 2147483647;
			files = (
				B3730BF729E481C800A4CF8A /* AddProductViewController.swift in Sources */,
				B38B99AE29E30EC1005658E1 /* ProductViewModel.swift in Sources */,
				B38B99B129E338FF005658E1 /* ProductTableViewCell.swift in Sources */,
				B38B99AB29E2EF43005658E1 /* ProductViewController.swift in Sources */,
				B38B99A729E2EE4C005658E1 /* Constants.swift in Sources */,
				B37AC1F029E52D74003194F2 /* AddProduct.swift in Sources */,
				B38B99A529E2EA9E005658E1 /* APIManager.swift in Sources */,
				B38B996A29E2E157005658E1 /* AppDelegate.swift in Sources */,
				B38B99A329E2E957005658E1 /* ProductModel.swift in Sources */,
				B38B996C29E2E157005658E1 /* SceneDelegate.swift in Sources */,
				B3730BF429E415FD00A4CF8A /* EndPointType.swift in Sources */,
				B3730BF129E4013600A4CF8A /* UIImageVIew+Extension.swift in Sources */,
			);
			runOnlyForDeploymentPostprocessing = 0;
		};
		B38B997829E2E15B005658E1 /* Sources */ = {
			isa = PBXSourcesBuildPhase;
			buildActionMask = 2147483647;
			files = (
				B38B998129E2E15B005658E1 /* GetMyClothsTests.swift in Sources */,
			);
			runOnlyForDeploymentPostprocessing = 0;
		};
		B38B998229E2E15B005658E1 /* Sources */ = {
			isa = PBXSourcesBuildPhase;
			buildActionMask = 2147483647;
			files = (
				B38B998D29E2E15B005658E1 /* GetMyClothsUITestsLaunchTests.swift in Sources */,
				B38B998B29E2E15B005658E1 /* GetMyClothsUITests.swift in Sources */,
			);
			runOnlyForDeploymentPostprocessing = 0;
		};
/* End PBXSourcesBuildPhase section */

/* Begin PBXTargetDependency section */
		B38B997E29E2E15B005658E1 /* PBXTargetDependency */ = {
			isa = PBXTargetDependency;
			target = B38B996529E2E157005658E1 /* GetMyCloths */;
			targetProxy = B38B997D29E2E15B005658E1 /* PBXContainerItemProxy */;
		};
		B38B998829E2E15B005658E1 /* PBXTargetDependency */ = {
			isa = PBXTargetDependency;
			target = B38B996529E2E157005658E1 /* GetMyCloths */;
			targetProxy = B38B998729E2E15B005658E1 /* PBXContainerItemProxy */;
		};
/* End PBXTargetDependency section */

/* Begin PBXVariantGroup section */
		B38B996F29E2E157005658E1 /* Main.storyboard */ = {
			isa = PBXVariantGroup;
			children = (
				B38B997029E2E157005658E1 /* Base */,
			);
			name = Main.storyboard;
			sourceTree = "<group>";
		};
		B38B997429E2E15A005658E1 /* LaunchScreen.storyboard */ = {
			isa = PBXVariantGroup;
			children = (
				B38B997529E2E15A005658E1 /* Base */,
			);
			name = LaunchScreen.storyboard;
			sourceTree = "<group>";
		};
/* End PBXVariantGroup section */

/* Begin XCBuildConfiguration section */
		B38B998E29E2E15B005658E1 /* Debug */ = {
			isa = XCBuildConfiguration;
			buildSettings = {
				ALWAYS_SEARCH_USER_PATHS = NO;
				CLANG_ANALYZER_NONNULL = YES;
				CLANG_ANALYZER_NUMBER_OBJECT_CONVERSION = YES_AGGRESSIVE;
				CLANG_CXX_LANGUAGE_STANDARD = "gnu++17";
				CLANG_CXX_LIBRARY = "libc++";
				CLANG_ENABLE_MODULES = YES;
				CLANG_ENABLE_OBJC_ARC = YES;
				CLANG_ENABLE_OBJC_WEAK = YES;
				CLANG_WARN_BLOCK_CAPTURE_AUTORELEASING = YES;
				CLANG_WARN_BOOL_CONVERSION = YES;
				CLANG_WARN_COMMA = YES;
				CLANG_WARN_CONSTANT_CONVERSION = YES;
				CLANG_WARN_DEPRECATED_OBJC_IMPLEMENTATIONS = YES;
				CLANG_WARN_DIRECT_OBJC_ISA_USAGE = YES_ERROR;
				CLANG_WARN_DOCUMENTATION_COMMENTS = YES;
				CLANG_WARN_EMPTY_BODY = YES;
				CLANG_WARN_ENUM_CONVERSION = YES;
				CLANG_WARN_INFINITE_RECURSION = YES;
				CLANG_WARN_INT_CONVERSION = YES;
				CLANG_WARN_NON_LITERAL_NULL_CONVERSION = YES;
				CLANG_WARN_OBJC_IMPLICIT_RETAIN_SELF = YES;
				CLANG_WARN_OBJC_LITERAL_CONVERSION = YES;
				CLANG_WARN_OBJC_ROOT_CLASS = YES_ERROR;
				CLANG_WARN_QUOTED_INCLUDE_IN_FRAMEWORK_HEADER = YES;
				CLANG_WARN_RANGE_LOOP_ANALYSIS = YES;
				CLANG_WARN_STRICT_PROTOTYPES = YES;
				CLANG_WARN_SUSPICIOUS_MOVE = YES;
				CLANG_WARN_UNGUARDED_AVAILABILITY = YES_AGGRESSIVE;
				CLANG_WARN_UNREACHABLE_CODE = YES;
				CLANG_WARN__DUPLICATE_METHOD_MATCH = YES;
				COPY_PHASE_STRIP = NO;
				DEBUG_INFORMATION_FORMAT = dwarf;
				ENABLE_STRICT_OBJC_MSGSEND = YES;
				ENABLE_TESTABILITY = YES;
				GCC_C_LANGUAGE_STANDARD = gnu11;
				GCC_DYNAMIC_NO_PIC = NO;
				GCC_NO_COMMON_BLOCKS = YES;
				GCC_OPTIMIZATION_LEVEL = 0;
				GCC_PREPROCESSOR_DEFINITIONS = (
					"DEBUG=1",
					"$(inherited)",
				);
				GCC_WARN_64_TO_32_BIT_CONVERSION = YES;
				GCC_WARN_ABOUT_RETURN_TYPE = YES_ERROR;
				GCC_WARN_UNDECLARED_SELECTOR = YES;
				GCC_WARN_UNINITIALIZED_AUTOS = YES_AGGRESSIVE;
				GCC_WARN_UNUSED_FUNCTION = YES;
				GCC_WARN_UNUSED_VARIABLE = YES;
				IPHONEOS_DEPLOYMENT_TARGET = 15.2;
				MTL_ENABLE_DEBUG_INFO = INCLUDE_SOURCE;
				MTL_FAST_MATH = YES;
				ONLY_ACTIVE_ARCH = YES;
				SDKROOT = iphoneos;
				SWIFT_ACTIVE_COMPILATION_CONDITIONS = DEBUG;
				SWIFT_OPTIMIZATION_LEVEL = "-Onone";
			};
			name = Debug;
		};
		B38B998F29E2E15B005658E1 /* Release */ = {
			isa = XCBuildConfiguration;
			buildSettings = {
				ALWAYS_SEARCH_USER_PATHS = NO;
				CLANG_ANALYZER_NONNULL = YES;
				CLANG_ANALYZER_NUMBER_OBJECT_CONVERSION = YES_AGGRESSIVE;
				CLANG_CXX_LANGUAGE_STANDARD = "gnu++17";
				CLANG_CXX_LIBRARY = "libc++";
				CLANG_ENABLE_MODULES = YES;
				CLANG_ENABLE_OBJC_ARC = YES;
				CLANG_ENABLE_OBJC_WEAK = YES;
				CLANG_WARN_BLOCK_CAPTURE_AUTORELEASING = YES;
				CLANG_WARN_BOOL_CONVERSION = YES;
				CLANG_WARN_COMMA = YES;
				CLANG_WARN_CONSTANT_CONVERSION = YES;
				CLANG_WARN_DEPRECATED_OBJC_IMPLEMENTATIONS = YES;
				CLANG_WARN_DIRECT_OBJC_ISA_USAGE = YES_ERROR;
				CLANG_WARN_DOCUMENTATION_COMMENTS = YES;
				CLANG_WARN_EMPTY_BODY = YES;
				CLANG_WARN_ENUM_CONVERSION = YES;
				CLANG_WARN_INFINITE_RECURSION = YES;
				CLANG_WARN_INT_CONVERSION = YES;
				CLANG_WARN_NON_LITERAL_NULL_CONVERSION = YES;
				CLANG_WARN_OBJC_IMPLICIT_RETAIN_SELF = YES;
				CLANG_WARN_OBJC_LITERAL_CONVERSION = YES;
				CLANG_WARN_OBJC_ROOT_CLASS = YES_ERROR;
				CLANG_WARN_QUOTED_INCLUDE_IN_FRAMEWORK_HEADER = YES;
				CLANG_WARN_RANGE_LOOP_ANALYSIS = YES;
				CLANG_WARN_STRICT_PROTOTYPES = YES;
				CLANG_WARN_SUSPICIOUS_MOVE = YES;
				CLANG_WARN_UNGUARDED_AVAILABILITY = YES_AGGRESSIVE;
				CLANG_WARN_UNREACHABLE_CODE = YES;
				CLANG_WARN__DUPLICATE_METHOD_MATCH = YES;
				COPY_PHASE_STRIP = NO;
				DEBUG_INFORMATION_FORMAT = "dwarf-with-dsym";
				ENABLE_NS_ASSERTIONS = NO;
				ENABLE_STRICT_OBJC_MSGSEND = YES;
				GCC_C_LANGUAGE_STANDARD = gnu11;
				GCC_NO_COMMON_BLOCKS = YES;
				GCC_WARN_64_TO_32_BIT_CONVERSION = YES;
				GCC_WARN_ABOUT_RETURN_TYPE = YES_ERROR;
				GCC_WARN_UNDECLARED_SELECTOR = YES;
				GCC_WARN_UNINITIALIZED_AUTOS = YES_AGGRESSIVE;
				GCC_WARN_UNUSED_FUNCTION = YES;
				GCC_WARN_UNUSED_VARIABLE = YES;
				IPHONEOS_DEPLOYMENT_TARGET = 15.2;
				MTL_ENABLE_DEBUG_INFO = NO;
				MTL_FAST_MATH = YES;
				SDKROOT = iphoneos;
				SWIFT_COMPILATION_MODE = wholemodule;
				SWIFT_OPTIMIZATION_LEVEL = "-O";
				VALIDATE_PRODUCT = YES;
			};
			name = Release;
		};
		B38B999129E2E15B005658E1 /* Debug */ = {
			isa = XCBuildConfiguration;
			baseConfigurationReference = FF08609CFEAF5DDE2B22B71A /* Pods-GetMyCloths.debug.xcconfig */;
			buildSettings = {
				ASSETCATALOG_COMPILER_APPICON_NAME = AppIcon;
				ASSETCATALOG_COMPILER_GLOBAL_ACCENT_COLOR_NAME = AccentColor;
				CODE_SIGN_STYLE = Automatic;
				CURRENT_PROJECT_VERSION = 1;
				GENERATE_INFOPLIST_FILE = YES;
				INFOPLIST_FILE = GetMyCloths/Info.plist;
				INFOPLIST_KEY_UIApplicationSupportsIndirectInputEvents = YES;
				INFOPLIST_KEY_UILaunchStoryboardName = LaunchScreen;
				INFOPLIST_KEY_UIMainStoryboardFile = Main;
				INFOPLIST_KEY_UISupportedInterfaceOrientations_iPad = "UIInterfaceOrientationPortrait UIInterfaceOrientationPortraitUpsideDown UIInterfaceOrientationLandscapeLeft UIInterfaceOrientationLandscapeRight";
				INFOPLIST_KEY_UISupportedInterfaceOrientations_iPhone = "UIInterfaceOrientationPortrait UIInterfaceOrientationLandscapeLeft UIInterfaceOrientationLandscapeRight";
				LD_RUNPATH_SEARCH_PATHS = (
					"$(inherited)",
					"@executable_path/Frameworks",
				);
				MARKETING_VERSION = 1.0;
				PRODUCT_BUNDLE_IDENTIFIER = makemycoolApp.GetMyCloths;
				PRODUCT_NAME = "$(TARGET_NAME)";
				SWIFT_EMIT_LOC_STRINGS = YES;
				SWIFT_VERSION = 5.0;
				TARGETED_DEVICE_FAMILY = "1,2";
			};
			name = Debug;
		};
		B38B999229E2E15B005658E1 /* Release */ = {
			isa = XCBuildConfiguration;
			baseConfigurationReference = D40C14F30A951DDB8A87B059 /* Pods-GetMyCloths.release.xcconfig */;
			buildSettings = {
				ASSETCATALOG_COMPILER_APPICON_NAME = AppIcon;
				ASSETCATALOG_COMPILER_GLOBAL_ACCENT_COLOR_NAME = AccentColor;
				CODE_SIGN_STYLE = Automatic;
				CURRENT_PROJECT_VERSION = 1;
				GENERATE_INFOPLIST_FILE = YES;
				INFOPLIST_FILE = GetMyCloths/Info.plist;
				INFOPLIST_KEY_UIApplicationSupportsIndirectInputEvents = YES;
				INFOPLIST_KEY_UILaunchStoryboardName = LaunchScreen;
				INFOPLIST_KEY_UIMainStoryboardFile = Main;
				INFOPLIST_KEY_UISupportedInterfaceOrientations_iPad = "UIInterfaceOrientationPortrait UIInterfaceOrientationPortraitUpsideDown UIInterfaceOrientationLandscapeLeft UIInterfaceOrientationLandscapeRight";
				INFOPLIST_KEY_UISupportedInterfaceOrientations_iPhone = "UIInterfaceOrientationPortrait UIInterfaceOrientationLandscapeLeft UIInterfaceOrientationLandscapeRight";
				LD_RUNPATH_SEARCH_PATHS = (
					"$(inherited)",
					"@executable_path/Frameworks",
				);
				MARKETING_VERSION = 1.0;
				PRODUCT_BUNDLE_IDENTIFIER = makemycoolApp.GetMyCloths;
				PRODUCT_NAME = "$(TARGET_NAME)";
				SWIFT_EMIT_LOC_STRINGS = YES;
				SWIFT_VERSION = 5.0;
				TARGETED_DEVICE_FAMILY = "1,2";
			};
			name = Release;
		};
		B38B999429E2E15B005658E1 /* Debug */ = {
			isa = XCBuildConfiguration;
			buildSettings = {
				ALWAYS_EMBED_SWIFT_STANDARD_LIBRARIES = YES;
				BUNDLE_LOADER = "$(TEST_HOST)";
				CODE_SIGN_STYLE = Automatic;
				CURRENT_PROJECT_VERSION = 1;
				GENERATE_INFOPLIST_FILE = YES;
				IPHONEOS_DEPLOYMENT_TARGET = 15.2;
				MARKETING_VERSION = 1.0;
				PRODUCT_BUNDLE_IDENTIFIER = makemycoolApp.GetMyClothsTests;
				PRODUCT_NAME = "$(TARGET_NAME)";
				SWIFT_EMIT_LOC_STRINGS = NO;
				SWIFT_VERSION = 5.0;
				TARGETED_DEVICE_FAMILY = "1,2";
				TEST_HOST = "$(BUILT_PRODUCTS_DIR)/GetMyCloths.app/GetMyCloths";
			};
			name = Debug;
		};
		B38B999529E2E15B005658E1 /* Release */ = {
			isa = XCBuildConfiguration;
			buildSettings = {
				ALWAYS_EMBED_SWIFT_STANDARD_LIBRARIES = YES;
				BUNDLE_LOADER = "$(TEST_HOST)";
				CODE_SIGN_STYLE = Automatic;
				CURRENT_PROJECT_VERSION = 1;
				GENERATE_INFOPLIST_FILE = YES;
				IPHONEOS_DEPLOYMENT_TARGET = 15.2;
				MARKETING_VERSION = 1.0;
				PRODUCT_BUNDLE_IDENTIFIER = makemycoolApp.GetMyClothsTests;
				PRODUCT_NAME = "$(TARGET_NAME)";
				SWIFT_EMIT_LOC_STRINGS = NO;
				SWIFT_VERSION = 5.0;
				TARGETED_DEVICE_FAMILY = "1,2";
				TEST_HOST = "$(BUILT_PRODUCTS_DIR)/GetMyCloths.app/GetMyCloths";
			};
			name = Release;
		};
		B38B999729E2E15B005658E1 /* Debug */ = {
			isa = XCBuildConfiguration;
			buildSettings = {
				ALWAYS_EMBED_SWIFT_STANDARD_LIBRARIES = YES;
				CODE_SIGN_STYLE = Automatic;
				CURRENT_PROJECT_VERSION = 1;
				GENERATE_INFOPLIST_FILE = YES;
				MARKETING_VERSION = 1.0;
				PRODUCT_BUNDLE_IDENTIFIER = makemycoolApp.GetMyClothsUITests;
				PRODUCT_NAME = "$(TARGET_NAME)";
				SWIFT_EMIT_LOC_STRINGS = NO;
				SWIFT_VERSION = 5.0;
				TARGETED_DEVICE_FAMILY = "1,2";
				TEST_TARGET_NAME = GetMyCloths;
			};
			name = Debug;
		};
		B38B999829E2E15B005658E1 /* Release */ = {
			isa = XCBuildConfiguration;
			buildSettings = {
				ALWAYS_EMBED_SWIFT_STANDARD_LIBRARIES = YES;
				CODE_SIGN_STYLE = Automatic;
				CURRENT_PROJECT_VERSION = 1;
				GENERATE_INFOPLIST_FILE = YES;
				MARKETING_VERSION = 1.0;
				PRODUCT_BUNDLE_IDENTIFIER = makemycoolApp.GetMyClothsUITests;
				PRODUCT_NAME = "$(TARGET_NAME)";
				SWIFT_EMIT_LOC_STRINGS = NO;
				SWIFT_VERSION = 5.0;
				TARGETED_DEVICE_FAMILY = "1,2";
				TEST_TARGET_NAME = GetMyCloths;
			};
			name = Release;
		};
/* End XCBuildConfiguration section */

/* Begin XCConfigurationList section */
		B38B996129E2E157005658E1 /* Build configuration list for PBXProject "GetMyCloths" */ = {
			isa = XCConfigurationList;
			buildConfigurations = (
				B38B998E29E2E15B005658E1 /* Debug */,
				B38B998F29E2E15B005658E1 /* Release */,
			);
			defaultConfigurationIsVisible = 0;
			defaultConfigurationName = Release;
		};
		B38B999029E2E15B005658E1 /* Build configuration list for PBXNativeTarget "GetMyCloths" */ = {
			isa = XCConfigurationList;
			buildConfigurations = (
				B38B999129E2E15B005658E1 /* Debug */,
				B38B999229E2E15B005658E1 /* Release */,
			);
			defaultConfigurationIsVisible = 0;
			defaultConfigurationName = Release;
		};
		B38B999329E2E15B005658E1 /* Build configuration list for PBXNativeTarget "GetMyClothsTests" */ = {
			isa = XCConfigurationList;
			buildConfigurations = (
				B38B999429E2E15B005658E1 /* Debug */,
				B38B999529E2E15B005658E1 /* Release */,
			);
			defaultConfigurationIsVisible = 0;
			defaultConfigurationName = Release;
		};
		B38B999629E2E15B005658E1 /* Build configuration list for PBXNativeTarget "GetMyClothsUITests" */ = {
			isa = XCConfigurationList;
			buildConfigurations = (
				B38B999729E2E15B005658E1 /* Debug */,
				B38B999829E2E15B005658E1 /* Release */,
			);
			defaultConfigurationIsVisible = 0;
			defaultConfigurationName = Release;
		};
/* End XCConfigurationList section */
	};
	rootObject = B38B995E29E2E157005658E1 /* Project object */;
}
